// !$*UTF8*$!
{
	archiveVersion = 1;
	classes = {
	};
	objectVersion = 56;
	objects = {

/* Begin PBXBuildFile section */
		D63533CF2A67B4A2005B3126 /* Constants.swift in Sources */ = {isa = PBXBuildFile; fileRef = D63533CE2A67B4A2005B3126 /* Constants.swift */; };
		D6642C602A656F95005308D9 /* AppDelegate.swift in Sources */ = {isa = PBXBuildFile; fileRef = D6642C5F2A656F95005308D9 /* AppDelegate.swift */; };
		D6642C622A656F95005308D9 /* SceneDelegate.swift in Sources */ = {isa = PBXBuildFile; fileRef = D6642C612A656F95005308D9 /* SceneDelegate.swift */; };
		D6642C672A656F95005308D9 /* Main.storyboard in Resources */ = {isa = PBXBuildFile; fileRef = D6642C652A656F95005308D9 /* Main.storyboard */; };
		D6642C692A656F96005308D9 /* Assets.xcassets in Resources */ = {isa = PBXBuildFile; fileRef = D6642C682A656F96005308D9 /* Assets.xcassets */; };
		D6642C6C2A656F96005308D9 /* LaunchScreen.storyboard in Resources */ = {isa = PBXBuildFile; fileRef = D6642C6A2A656F96005308D9 /* LaunchScreen.storyboard */; };
		D6642C7C2A6576EF005308D9 /* Movie.swift in Sources */ = {isa = PBXBuildFile; fileRef = D6642C752A6576EF005308D9 /* Movie.swift */; };
		D6642C7D2A6576EF005308D9 /* MovieTableViewCell.swift in Sources */ = {isa = PBXBuildFile; fileRef = D6642C772A6576EF005308D9 /* MovieTableViewCell.swift */; };
		D6642C7E2A6576EF005308D9 /* AddEditCRUDViewController.swift in Sources */ = {isa = PBXBuildFile; fileRef = D6642C792A6576EF005308D9 /* AddEditCRUDViewController.swift */; };
		D6DC0EBE2A6EA5370019FEA8 /* APIRegisterViewController.swift in Sources */ = {isa = PBXBuildFile; fileRef = D6DC0EB82A6EA5370019FEA8 /* APIRegisterViewController.swift */; };
		D6DC0EBF2A6EA5370019FEA8 /* APICrudViewController.swift in Sources */ = {isa = PBXBuildFile; fileRef = D6DC0EBA2A6EA5370019FEA8 /* APICrudViewController.swift */; };
		D6DC0EC02A6EA5370019FEA8 /* APILoginViewController.swift in Sources */ = {isa = PBXBuildFile; fileRef = D6DC0EBC2A6EA5370019FEA8 /* APILoginViewController.swift */; };
		D6EEF5A72A7CA872005543FE /* Stripe in Frameworks */ = {isa = PBXBuildFile; productRef = D6EEF5A62A7CA872005543FE /* Stripe */; };
		D6EEF5A92A7CA872005543FE /* StripeApplePay in Frameworks */ = {isa = PBXBuildFile; productRef = D6EEF5A82A7CA872005543FE /* StripeApplePay */; };
		D6EEF5AB2A7CA872005543FE /* StripeCardScan in Frameworks */ = {isa = PBXBuildFile; productRef = D6EEF5AA2A7CA872005543FE /* StripeCardScan */; };
		D6EEF5AD2A7CA872005543FE /* StripeFinancialConnections in Frameworks */ = {isa = PBXBuildFile; productRef = D6EEF5AC2A7CA872005543FE /* StripeFinancialConnections */; };
		D6EEF5AF2A7CA872005543FE /* StripeIdentity in Frameworks */ = {isa = PBXBuildFile; productRef = D6EEF5AE2A7CA872005543FE /* StripeIdentity */; };
		D6EEF5B12A7CA872005543FE /* StripePaymentSheet in Frameworks */ = {isa = PBXBuildFile; productRef = D6EEF5B02A7CA872005543FE /* StripePaymentSheet */; };
		D6EEF5B32A7CA872005543FE /* StripePayments in Frameworks */ = {isa = PBXBuildFile; productRef = D6EEF5B22A7CA872005543FE /* StripePayments */; };
		D6EEF5B52A7CA872005543FE /* StripePaymentsUI in Frameworks */ = {isa = PBXBuildFile; productRef = D6EEF5B42A7CA872005543FE /* StripePaymentsUI */; };
/* End PBXBuildFile section */

/* Begin PBXFileReference section */
		D63533CE2A67B4A2005B3126 /* Constants.swift */ = {isa = PBXFileReference; lastKnownFileType = sourcecode.swift; path = Constants.swift; sourceTree = "<group>"; };
		D6642C5C2A656F95005308D9 /* MDEV1004-S23-ICE8.app */ = {isa = PBXFileReference; explicitFileType = wrapper.application; includeInIndex = 0; path = "MDEV1004-S23-ICE8.app"; sourceTree = BUILT_PRODUCTS_DIR; };
		D6642C5F2A656F95005308D9 /* AppDelegate.swift */ = {isa = PBXFileReference; lastKnownFileType = sourcecode.swift; path = AppDelegate.swift; sourceTree = "<group>"; };
		D6642C612A656F95005308D9 /* SceneDelegate.swift */ = {isa = PBXFileReference; lastKnownFileType = sourcecode.swift; path = SceneDelegate.swift; sourceTree = "<group>"; };
		D6642C662A656F95005308D9 /* Base */ = {isa = PBXFileReference; lastKnownFileType = file.storyboard; name = Base; path = Base.lproj/Main.storyboard; sourceTree = "<group>"; };
		D6642C682A656F96005308D9 /* Assets.xcassets */ = {isa = PBXFileReference; lastKnownFileType = folder.assetcatalog; path = Assets.xcassets; sourceTree = "<group>"; };
		D6642C6B2A656F96005308D9 /* Base */ = {isa = PBXFileReference; lastKnownFileType = file.storyboard; name = Base; path = Base.lproj/LaunchScreen.storyboard; sourceTree = "<group>"; };
		D6642C6D2A656F96005308D9 /* Info.plist */ = {isa = PBXFileReference; lastKnownFileType = text.plist.xml; path = Info.plist; sourceTree = "<group>"; };
		D6642C762A6576EF005308D9 /* Base */ = {isa = PBXFileReference; lastKnownFileType = sourcecode.swift; name = Base; path = Base.lproj/Movie.swift; sourceTree = "<group>"; };
		D6642C782A6576EF005308D9 /* Base */ = {isa = PBXFileReference; lastKnownFileType = sourcecode.swift; name = Base; path = Base.lproj/MovieTableViewCell.swift; sourceTree = "<group>"; };
		D6642C7A2A6576EF005308D9 /* Base */ = {isa = PBXFileReference; lastKnownFileType = sourcecode.swift; name = Base; path = Base.lproj/AddEditCRUDViewController.swift; sourceTree = "<group>"; };
		D6DC0EB92A6EA5370019FEA8 /* Base */ = {isa = PBXFileReference; lastKnownFileType = sourcecode.swift; name = Base; path = Base.lproj/APIRegisterViewController.swift; sourceTree = "<group>"; };
		D6DC0EBB2A6EA5370019FEA8 /* Base */ = {isa = PBXFileReference; lastKnownFileType = sourcecode.swift; name = Base; path = Base.lproj/APICrudViewController.swift; sourceTree = "<group>"; };
		D6DC0EBD2A6EA5370019FEA8 /* Base */ = {isa = PBXFileReference; lastKnownFileType = sourcecode.swift; name = Base; path = Base.lproj/APILoginViewController.swift; sourceTree = "<group>"; };
/* End PBXFileReference section */

/* Begin PBXFrameworksBuildPhase section */
		D6642C592A656F95005308D9 /* Frameworks */ = {
			isa = PBXFrameworksBuildPhase;
			buildActionMask = 2147483647;
			files = (
				D6EEF5AB2A7CA872005543FE /* StripeCardScan in Frameworks */,
				D6EEF5AD2A7CA872005543FE /* StripeFinancialConnections in Frameworks */,
				D6EEF5AF2A7CA872005543FE /* StripeIdentity in Frameworks */,
				D6EEF5A72A7CA872005543FE /* Stripe in Frameworks */,
				D6EEF5B12A7CA872005543FE /* StripePaymentSheet in Frameworks */,
				D6EEF5B32A7CA872005543FE /* StripePayments in Frameworks */,
				D6EEF5B52A7CA872005543FE /* StripePaymentsUI in Frameworks */,
				D6EEF5A92A7CA872005543FE /* StripeApplePay in Frameworks */,
			);
			runOnlyForDeploymentPostprocessing = 0;
		};
/* End PBXFrameworksBuildPhase section */

/* Begin PBXGroup section */
		D6642C532A656F95005308D9 = {
			isa = PBXGroup;
			children = (
				D6642C5E2A656F95005308D9 /* MDEV1004-S23-ICE10B */,
				D6642C5D2A656F95005308D9 /* Products */,
			);
			sourceTree = "<group>";
		};
		D6642C5D2A656F95005308D9 /* Products */ = {
			isa = PBXGroup;
			children = (
				D6642C5C2A656F95005308D9 /* MDEV1004-S23-ICE8.app */,
			);
			name = Products;
			sourceTree = "<group>";
		};
		D6642C5E2A656F95005308D9 /* MDEV1004-S23-ICE10B */ = {
			isa = PBXGroup;
			children = (
				D6642C792A6576EF005308D9 /* AddEditCRUDViewController.swift */,
				D6642C752A6576EF005308D9 /* Movie.swift */,
				D6642C772A6576EF005308D9 /* MovieTableViewCell.swift */,
				D6642C5F2A656F95005308D9 /* AppDelegate.swift */,
				D6642C612A656F95005308D9 /* SceneDelegate.swift */,
				D6642C652A656F95005308D9 /* Main.storyboard */,
				D6DC0EBA2A6EA5370019FEA8 /* APICrudViewController.swift */,
				D6DC0EBC2A6EA5370019FEA8 /* APILoginViewController.swift */,
				D6DC0EB82A6EA5370019FEA8 /* APIRegisterViewController.swift */,
				D6642C682A656F96005308D9 /* Assets.xcassets */,
				D6642C6A2A656F96005308D9 /* LaunchScreen.storyboard */,
				D6642C6D2A656F96005308D9 /* Info.plist */,
				D63533CE2A67B4A2005B3126 /* Constants.swift */,
			);
			path = "MDEV1004-S23-ICE10B";
			sourceTree = "<group>";
		};
/* End PBXGroup section */

/* Begin PBXNativeTarget section */
		D6642C5B2A656F95005308D9 /* MDEV1004-S23-ICE8 */ = {
			isa = PBXNativeTarget;
			buildConfigurationList = D6642C702A656F96005308D9 /* Build configuration list for PBXNativeTarget "MDEV1004-S23-ICE8" */;
			buildPhases = (
				D6642C582A656F95005308D9 /* Sources */,
				D6642C592A656F95005308D9 /* Frameworks */,
				D6642C5A2A656F95005308D9 /* Resources */,
			);
			buildRules = (
			);
			dependencies = (
			);
			name = "MDEV1004-S23-ICE8";
			packageProductDependencies = (
				D6EEF5A62A7CA872005543FE /* Stripe */,
				D6EEF5A82A7CA872005543FE /* StripeApplePay */,
				D6EEF5AA2A7CA872005543FE /* StripeCardScan */,
				D6EEF5AC2A7CA872005543FE /* StripeFinancialConnections */,
				D6EEF5AE2A7CA872005543FE /* StripeIdentity */,
				D6EEF5B02A7CA872005543FE /* StripePaymentSheet */,
				D6EEF5B22A7CA872005543FE /* StripePayments */,
				D6EEF5B42A7CA872005543FE /* StripePaymentsUI */,
			);
			productName = "MDEV1004-S23-ICE8";
			productReference = D6642C5C2A656F95005308D9 /* MDEV1004-S23-ICE8.app */;
			productType = "com.apple.product-type.application";
		};
/* End PBXNativeTarget section */

/* Begin PBXProject section */
		D6642C542A656F95005308D9 /* Project object */ = {
			isa = PBXProject;
			attributes = {
				BuildIndependentTargetsInParallel = 1;
				LastSwiftUpdateCheck = 1430;
				LastUpgradeCheck = 1430;
				TargetAttributes = {
					D6642C5B2A656F95005308D9 = {
						CreatedOnToolsVersion = 14.3.1;
					};
				};
			};
			buildConfigurationList = D6642C572A656F95005308D9 /* Build configuration list for PBXProject "MDEV1004-S23-ICE10B" */;
			compatibilityVersion = "Xcode 14.0";
			developmentRegion = en;
			hasScannedForEncodings = 0;
			knownRegions = (
				en,
				Base,
			);
			mainGroup = D6642C532A656F95005308D9;
			packageReferences = (
				D6EEF5A52A7CA872005543FE /* XCRemoteSwiftPackageReference "stripe-ios-spm" */,
			);
			productRefGroup = D6642C5D2A656F95005308D9 /* Products */;
			projectDirPath = "";
			projectRoot = "";
			targets = (
				D6642C5B2A656F95005308D9 /* MDEV1004-S23-ICE8 */,
			);
		};
/* End PBXProject section */

/* Begin PBXResourcesBuildPhase section */
		D6642C5A2A656F95005308D9 /* Resources */ = {
			isa = PBXResourcesBuildPhase;
			buildActionMask = 2147483647;
			files = (
				D6642C6C2A656F96005308D9 /* LaunchScreen.storyboard in Resources */,
				D6642C692A656F96005308D9 /* Assets.xcassets in Resources */,
				D6642C672A656F95005308D9 /* Main.storyboard in Resources */,
			);
			runOnlyForDeploymentPostprocessing = 0;
		};
/* End PBXResourcesBuildPhase section */

/* Begin PBXSourcesBuildPhase section */
		D6642C582A656F95005308D9 /* Sources */ = {
			isa = PBXSourcesBuildPhase;
			buildActionMask = 2147483647;
			files = (
				D6DC0EBE2A6EA5370019FEA8 /* APIRegisterViewController.swift in Sources */,
				D6642C7E2A6576EF005308D9 /* AddEditCRUDViewController.swift in Sources */,
				D6642C7D2A6576EF005308D9 /* MovieTableViewCell.swift in Sources */,
				D6642C602A656F95005308D9 /* AppDelegate.swift in Sources */,
				D63533CF2A67B4A2005B3126 /* Constants.swift in Sources */,
				D6642C622A656F95005308D9 /* SceneDelegate.swift in Sources */,
				D6DC0EC02A6EA5370019FEA8 /* APILoginViewController.swift in Sources */,
				D6DC0EBF2A6EA5370019FEA8 /* APICrudViewController.swift in Sources */,
				D6642C7C2A6576EF005308D9 /* Movie.swift in Sources */,
			);
			runOnlyForDeploymentPostprocessing = 0;
		};
/* End PBXSourcesBuildPhase section */

/* Begin PBXVariantGroup section */
		D6642C652A656F95005308D9 /* Main.storyboard */ = {
			isa = PBXVariantGroup;
			children = (
				D6642C662A656F95005308D9 /* Base */,
			);
			name = Main.storyboard;
			sourceTree = "<group>";
		};
		D6642C6A2A656F96005308D9 /* LaunchScreen.storyboard */ = {
			isa = PBXVariantGroup;
			children = (
				D6642C6B2A656F96005308D9 /* Base */,
			);
			name = LaunchScreen.storyboard;
			sourceTree = "<group>";
		};
		D6642C752A6576EF005308D9 /* Movie.swift */ = {
			isa = PBXVariantGroup;
			children = (
				D6642C762A6576EF005308D9 /* Base */,
			);
			name = Movie.swift;
			sourceTree = "<group>";
		};
		D6642C772A6576EF005308D9 /* MovieTableViewCell.swift */ = {
			isa = PBXVariantGroup;
			children = (
				D6642C782A6576EF005308D9 /* Base */,
			);
			name = MovieTableViewCell.swift;
			sourceTree = "<group>";
		};
		D6642C792A6576EF005308D9 /* AddEditCRUDViewController.swift */ = {
			isa = PBXVariantGroup;
			children = (
				D6642C7A2A6576EF005308D9 /* Base */,
			);
			name = AddEditCRUDViewController.swift;
			sourceTree = "<group>";
		};
		D6DC0EB82A6EA5370019FEA8 /* APIRegisterViewController.swift */ = {
			isa = PBXVariantGroup;
			children = (
				D6DC0EB92A6EA5370019FEA8 /* Base */,
			);
			name = APIRegisterViewController.swift;
			sourceTree = "<group>";
		};
		D6DC0EBA2A6EA5370019FEA8 /* APICrudViewController.swift */ = {
			isa = PBXVariantGroup;
			children = (
				D6DC0EBB2A6EA5370019FEA8 /* Base */,
			);
			name = APICrudViewController.swift;
			sourceTree = "<group>";
		};
		D6DC0EBC2A6EA5370019FEA8 /* APILoginViewController.swift */ = {
			isa = PBXVariantGroup;
			children = (
				D6DC0EBD2A6EA5370019FEA8 /* Base */,
			);
			name = APILoginViewController.swift;
			sourceTree = "<group>";
		};
/* End PBXVariantGroup section */

/* Begin XCBuildConfiguration section */
		D6642C6E2A656F96005308D9 /* Debug */ = {
			isa = XCBuildConfiguration;
			buildSettings = {
				ALWAYS_SEARCH_USER_PATHS = NO;
				CLANG_ANALYZER_NONNULL = YES;
				CLANG_ANALYZER_NUMBER_OBJECT_CONVERSION = YES_AGGRESSIVE;
				CLANG_CXX_LANGUAGE_STANDARD = "gnu++20";
				CLANG_ENABLE_MODULES = YES;
				CLANG_ENABLE_OBJC_ARC = YES;
				CLANG_ENABLE_OBJC_WEAK = YES;
				CLANG_WARN_BLOCK_CAPTURE_AUTORELEASING = YES;
				CLANG_WARN_BOOL_CONVERSION = YES;
				CLANG_WARN_COMMA = YES;
				CLANG_WARN_CONSTANT_CONVERSION = YES;
				CLANG_WARN_DEPRECATED_OBJC_IMPLEMENTATIONS = YES;
				CLANG_WARN_DIRECT_OBJC_ISA_USAGE = YES_ERROR;
				CLANG_WARN_DOCUMENTATION_COMMENTS = YES;
				CLANG_WARN_EMPTY_BODY = YES;
				CLANG_WARN_ENUM_CONVERSION = YES;
				CLANG_WARN_INFINITE_RECURSION = YES;
				CLANG_WARN_INT_CONVERSION = YES;
				CLANG_WARN_NON_LITERAL_NULL_CONVERSION = YES;
				CLANG_WARN_OBJC_IMPLICIT_RETAIN_SELF = YES;
				CLANG_WARN_OBJC_LITERAL_CONVERSION = YES;
				CLANG_WARN_OBJC_ROOT_CLASS = YES_ERROR;
				CLANG_WARN_QUOTED_INCLUDE_IN_FRAMEWORK_HEADER = YES;
				CLANG_WARN_RANGE_LOOP_ANALYSIS = YES;
				CLANG_WARN_STRICT_PROTOTYPES = YES;
				CLANG_WARN_SUSPICIOUS_MOVE = YES;
				CLANG_WARN_UNGUARDED_AVAILABILITY = YES_AGGRESSIVE;
				CLANG_WARN_UNREACHABLE_CODE = YES;
				CLANG_WARN__DUPLICATE_METHOD_MATCH = YES;
				COPY_PHASE_STRIP = NO;
				DEBUG_INFORMATION_FORMAT = dwarf;
				ENABLE_STRICT_OBJC_MSGSEND = YES;
				ENABLE_TESTABILITY = YES;
				GCC_C_LANGUAGE_STANDARD = gnu11;
				GCC_DYNAMIC_NO_PIC = NO;
				GCC_NO_COMMON_BLOCKS = YES;
				GCC_OPTIMIZATION_LEVEL = 0;
				GCC_PREPROCESSOR_DEFINITIONS = (
					"DEBUG=1",
					"$(inherited)",
				);
				GCC_WARN_64_TO_32_BIT_CONVERSION = YES;
				GCC_WARN_ABOUT_RETURN_TYPE = YES_ERROR;
				GCC_WARN_UNDECLARED_SELECTOR = YES;
				GCC_WARN_UNINITIALIZED_AUTOS = YES_AGGRESSIVE;
				GCC_WARN_UNUSED_FUNCTION = YES;
				GCC_WARN_UNUSED_VARIABLE = YES;
				IPHONEOS_DEPLOYMENT_TARGET = 16.4;
				MTL_ENABLE_DEBUG_INFO = INCLUDE_SOURCE;
				MTL_FAST_MATH = YES;
				ONLY_ACTIVE_ARCH = YES;
				SDKROOT = iphoneos;
				SWIFT_ACTIVE_COMPILATION_CONDITIONS = DEBUG;
				SWIFT_OPTIMIZATION_LEVEL = "-Onone";
			};
			name = Debug;
		};
		D6642C6F2A656F96005308D9 /* Release */ = {
			isa = XCBuildConfiguration;
			buildSettings = {
				ALWAYS_SEARCH_USER_PATHS = NO;
				CLANG_ANALYZER_NONNULL = YES;
				CLANG_ANALYZER_NUMBER_OBJECT_CONVERSION = YES_AGGRESSIVE;
				CLANG_CXX_LANGUAGE_STANDARD = "gnu++20";
				CLANG_ENABLE_MODULES = YES;
				CLANG_ENABLE_OBJC_ARC = YES;
				CLANG_ENABLE_OBJC_WEAK = YES;
				CLANG_WARN_BLOCK_CAPTURE_AUTORELEASING = YES;
				CLANG_WARN_BOOL_CONVERSION = YES;
				CLANG_WARN_COMMA = YES;
				CLANG_WARN_CONSTANT_CONVERSION = YES;
				CLANG_WARN_DEPRECATED_OBJC_IMPLEMENTATIONS = YES;
				CLANG_WARN_DIRECT_OBJC_ISA_USAGE = YES_ERROR;
				CLANG_WARN_DOCUMENTATION_COMMENTS = YES;
				CLANG_WARN_EMPTY_BODY = YES;
				CLANG_WARN_ENUM_CONVERSION = YES;
				CLANG_WARN_INFINITE_RECURSION = YES;
				CLANG_WARN_INT_CONVERSION = YES;
				CLANG_WARN_NON_LITERAL_NULL_CONVERSION = YES;
				CLANG_WARN_OBJC_IMPLICIT_RETAIN_SELF = YES;
				CLANG_WARN_OBJC_LITERAL_CONVERSION = YES;
				CLANG_WARN_OBJC_ROOT_CLASS = YES_ERROR;
				CLANG_WARN_QUOTED_INCLUDE_IN_FRAMEWORK_HEADER = YES;
				CLANG_WARN_RANGE_LOOP_ANALYSIS = YES;
				CLANG_WARN_STRICT_PROTOTYPES = YES;
				CLANG_WARN_SUSPICIOUS_MOVE = YES;
				CLANG_WARN_UNGUARDED_AVAILABILITY = YES_AGGRESSIVE;
				CLANG_WARN_UNREACHABLE_CODE = YES;
				CLANG_WARN__DUPLICATE_METHOD_MATCH = YES;
				COPY_PHASE_STRIP = NO;
				DEBUG_INFORMATION_FORMAT = "dwarf-with-dsym";
				ENABLE_NS_ASSERTIONS = NO;
				ENABLE_STRICT_OBJC_MSGSEND = YES;
				GCC_C_LANGUAGE_STANDARD = gnu11;
				GCC_NO_COMMON_BLOCKS = YES;
				GCC_WARN_64_TO_32_BIT_CONVERSION = YES;
				GCC_WARN_ABOUT_RETURN_TYPE = YES_ERROR;
				GCC_WARN_UNDECLARED_SELECTOR = YES;
				GCC_WARN_UNINITIALIZED_AUTOS = YES_AGGRESSIVE;
				GCC_WARN_UNUSED_FUNCTION = YES;
				GCC_WARN_UNUSED_VARIABLE = YES;
				IPHONEOS_DEPLOYMENT_TARGET = 16.4;
				MTL_ENABLE_DEBUG_INFO = NO;
				MTL_FAST_MATH = YES;
				SDKROOT = iphoneos;
				SWIFT_COMPILATION_MODE = wholemodule;
				SWIFT_OPTIMIZATION_LEVEL = "-O";
				VALIDATE_PRODUCT = YES;
			};
			name = Release;
		};
		D6642C712A656F96005308D9 /* Debug */ = {
			isa = XCBuildConfiguration;
			buildSettings = {
				ASSETCATALOG_COMPILER_APPICON_NAME = AppIcon;
				ASSETCATALOG_COMPILER_GLOBAL_ACCENT_COLOR_NAME = AccentColor;
				CODE_SIGN_STYLE = Automatic;
				CURRENT_PROJECT_VERSION = 1;
				DEVELOPMENT_TEAM = VSF6LC8U6A;
				GENERATE_INFOPLIST_FILE = YES;
				INFOPLIST_FILE = "MDEV1004-S23-ICE10B/Info.plist";
				INFOPLIST_KEY_UIApplicationSupportsIndirectInputEvents = YES;
				INFOPLIST_KEY_UILaunchStoryboardName = LaunchScreen;
				INFOPLIST_KEY_UIMainStoryboardFile = Main;
				INFOPLIST_KEY_UISupportedInterfaceOrientations_iPad = "UIInterfaceOrientationPortrait UIInterfaceOrientationPortraitUpsideDown UIInterfaceOrientationLandscapeLeft UIInterfaceOrientationLandscapeRight";
				INFOPLIST_KEY_UISupportedInterfaceOrientations_iPhone = "UIInterfaceOrientationPortrait UIInterfaceOrientationLandscapeLeft UIInterfaceOrientationLandscapeRight";
				LD_RUNPATH_SEARCH_PATHS = (
					"$(inherited)",
					"@executable_path/Frameworks",
				);
				MARKETING_VERSION = 1.0;
				PRODUCT_BUNDLE_IDENTIFIER = "ca.georgian.robert.bettinelli.MDEV1004-S23-ICE10B";
				PRODUCT_NAME = "$(TARGET_NAME)";
				SWIFT_EMIT_LOC_STRINGS = YES;
				SWIFT_VERSION = 5.0;
				TARGETED_DEVICE_FAMILY = "1,2";
			};
			name = Debug;
		};
		D6642C722A656F96005308D9 /* Release */ = {
			isa = XCBuildConfiguration;
			buildSettings = {
				ASSETCATALOG_COMPILER_APPICON_NAME = AppIcon;
				ASSETCATALOG_COMPILER_GLOBAL_ACCENT_COLOR_NAME = AccentColor;
				CODE_SIGN_STYLE = Automatic;
				CURRENT_PROJECT_VERSION = 1;
				DEVELOPMENT_TEAM = VSF6LC8U6A;
				GENERATE_INFOPLIST_FILE = YES;
				INFOPLIST_FILE = "MDEV1004-S23-ICE10B/Info.plist";
				INFOPLIST_KEY_UIApplicationSupportsIndirectInputEvents = YES;
				INFOPLIST_KEY_UILaunchStoryboardName = LaunchScreen;
				INFOPLIST_KEY_UIMainStoryboardFile = Main;
				INFOPLIST_KEY_UISupportedInterfaceOrientations_iPad = "UIInterfaceOrientationPortrait UIInterfaceOrientationPortraitUpsideDown UIInterfaceOrientationLandscapeLeft UIInterfaceOrientationLandscapeRight";
				INFOPLIST_KEY_UISupportedInterfaceOrientations_iPhone = "UIInterfaceOrientationPortrait UIInterfaceOrientationLandscapeLeft UIInterfaceOrientationLandscapeRight";
				LD_RUNPATH_SEARCH_PATHS = (
					"$(inherited)",
					"@executable_path/Frameworks",
				);
				MARKETING_VERSION = 1.0;
				PRODUCT_BUNDLE_IDENTIFIER = "ca.georgian.robert.bettinelli.MDEV1004-S23-ICE10B";
				PRODUCT_NAME = "$(TARGET_NAME)";
				SWIFT_EMIT_LOC_STRINGS = YES;
				SWIFT_VERSION = 5.0;
				TARGETED_DEVICE_FAMILY = "1,2";
			};
			name = Release;
		};
/* End XCBuildConfiguration section */

/* Begin XCConfigurationList section */
		D6642C572A656F95005308D9 /* Build configuration list for PBXProject "MDEV1004-S23-ICE10B" */ = {
			isa = XCConfigurationList;
			buildConfigurations = (
				D6642C6E2A656F96005308D9 /* Debug */,
				D6642C6F2A656F96005308D9 /* Release */,
			);
			defaultConfigurationIsVisible = 0;
			defaultConfigurationName = Release;
		};
		D6642C702A656F96005308D9 /* Build configuration list for PBXNativeTarget "MDEV1004-S23-ICE8" */ = {
			isa = XCConfigurationList;
			buildConfigurations = (
				D6642C712A656F96005308D9 /* Debug */,
				D6642C722A656F96005308D9 /* Release */,
			);
			defaultConfigurationIsVisible = 0;
			defaultConfigurationName = Release;
		};
/* End XCConfigurationList section */

/* Begin XCRemoteSwiftPackageReference section */
		D6EEF5A52A7CA872005543FE /* XCRemoteSwiftPackageReference "stripe-ios-spm" */ = {
			isa = XCRemoteSwiftPackageReference;
			repositoryURL = "https://github.com/stripe/stripe-ios-spm";
			requirement = {
				kind = upToNextMajorVersion;
				minimumVersion = 23.0.0;
			};
		};
/* End XCRemoteSwiftPackageReference section */

/* Begin XCSwiftPackageProductDependency section */
		D6EEF5A62A7CA872005543FE /* Stripe */ = {
			isa = XCSwiftPackageProductDependency;
			package = D6EEF5A52A7CA872005543FE /* XCRemoteSwiftPackageReference "stripe-ios-spm" */;
			productName = Stripe;
		};
		D6EEF5A82A7CA872005543FE /* StripeApplePay */ = {
			isa = XCSwiftPackageProductDependency;
			package = D6EEF5A52A7CA872005543FE /* XCRemoteSwiftPackageReference "stripe-ios-spm" */;
			productName = StripeApplePay;
		};
		D6EEF5AA2A7CA872005543FE /* StripeCardScan */ = {
			isa = XCSwiftPackageProductDependency;
			package = D6EEF5A52A7CA872005543FE /* XCRemoteSwiftPackageReference "stripe-ios-spm" */;
			productName = StripeCardScan;
		};
		D6EEF5AC2A7CA872005543FE /* StripeFinancialConnections */ = {
			isa = XCSwiftPackageProductDependency;
			package = D6EEF5A52A7CA872005543FE /* XCRemoteSwiftPackageReference "stripe-ios-spm" */;
			productName = StripeFinancialConnections;
		};
		D6EEF5AE2A7CA872005543FE /* StripeIdentity */ = {
			isa = XCSwiftPackageProductDependency;
			package = D6EEF5A52A7CA872005543FE /* XCRemoteSwiftPackageReference "stripe-ios-spm" */;
			productName = StripeIdentity;
		};
		D6EEF5B02A7CA872005543FE /* StripePaymentSheet */ = {
			isa = XCSwiftPackageProductDependency;
			package = D6EEF5A52A7CA872005543FE /* XCRemoteSwiftPackageReference "stripe-ios-spm" */;
			productName = StripePaymentSheet;
		};
		D6EEF5B22A7CA872005543FE /* StripePayments */ = {
			isa = XCSwiftPackageProductDependency;
			package = D6EEF5A52A7CA872005543FE /* XCRemoteSwiftPackageReference "stripe-ios-spm" */;
			productName = StripePayments;
		};
		D6EEF5B42A7CA872005543FE /* StripePaymentsUI */ = {
			isa = XCSwiftPackageProductDependency;
			package = D6EEF5A52A7CA872005543FE /* XCRemoteSwiftPackageReference "stripe-ios-spm" */;
			productName = StripePaymentsUI;
		};
/* End XCSwiftPackageProductDependency section */
	};
	rootObject = D6642C542A656F95005308D9 /* Project object */;
}
