{
  "pins" : [
    {
      "identity" : "stripe-ios-spm",
      "kind" : "remoteSourceControl",
      "location" : "https://github.com/stripe/stripe-ios-spm",
      "state" : {
        "revision" : "e90fc876c57e16363f1450bc703941993301ef60",
        "version" : "23.12.0"
      }
    }
  ],
  "version" : 2
}
